
Microsoft Visual Studio Solution File, Format Version 12.00
# Visual Studio Version 17
VisualStudioVersion = 17.5.33414.496
MinimumVisualStudioVersion = 10.0.40219.1
Project("{FAE04EC0-301F-11D3-BF4B-00C04F79EFBC}") = "ModularCalculation", "ModularCalculation\ModularCalculation.csproj", "{7D8C48FF-3881-4601-A229-9736D808FDE7}"
EndProject
Project("{FAE04EC0-301F-11D3-BF4B-00C04F79EFBC}") = "ModularUnitTests", "ModularUnitTests\ModularUnitTests.csproj", "{EC6302DB-6C2E-4630-BE7E-64B351AF0C77}"
EndProject
Global
	GlobalSection(SolutionConfigurationPlatforms) = preSolution
		Debug|Any CPU = Debug|Any CPU
		Release|Any CPU = Release|Any CPU
	EndGlobalSection
	GlobalSection(ProjectConfigurationPlatforms) = postSolution
		{7D8C48FF-3881-4601-A229-9736D808FDE7}.Debug|Any CPU.ActiveCfg = Debug|Any CPU
		{7D8C48FF-3881-4601-A229-9736D808FDE7}.Debug|Any CPU.Build.0 = Debug|Any CPU
		{7D8C48FF-3881-4601-A229-9736D808FDE7}.Release|Any CPU.ActiveCfg = Release|Any CPU
		{7D8C48FF-3881-4601-A229-9736D808FDE7}.Release|Any CPU.Build.0 = Release|Any CPU
		{EC6302DB-6C2E-4630-BE7E-64B351AF0C77}.Debug|Any CPU.ActiveCfg = Debug|Any CPU
		{EC6302DB-6C2E-4630-BE7E-64B351AF0C77}.Debug|Any CPU.Build.0 = Debug|Any CPU
		{EC6302DB-6C2E-4630-BE7E-64B351AF0C77}.Release|Any CPU.ActiveCfg = Release|Any CPU
		{EC6302DB-6C2E-4630-BE7E-64B351AF0C77}.Release|Any CPU.Build.0 = Release|Any CPU
	EndGlobalSection
	GlobalSection(SolutionProperties) = preSolution
		HideSolutionNode = FALSE
	EndGlobalSection
	GlobalSection(ExtensibilityGlobals) = postSolution
		SolutionGuid = {F3B0E3B7-4F59-48F6-99B1-959728FC26FD}
	EndGlobalSection
EndGlobal
